lockfileVersion: 5.4

importers:

  .:
    specifiers:
      typescript: ^5.0.4
    dependencies:
      typescript: 5.0.4

  apps/playground:
    specifiers:
      '@blocksvite/editor': workspace:*
      '@vitejs/plugin-vue': ^4.1.0
      typescript: ^5.0.2
      vite: ^4.3.0
      vue: ^3.2.47
      vue-tsc: ^1.2.0
      yjs: ^13.5.53
    dependencies:
      '@blocksvite/editor': link:../../packages/editor
      vue: 3.2.47
      yjs: 13.5.53
    devDependencies:
      '@vitejs/plugin-vue': 4.1.0_vite@4.3.1+vue@3.2.47
      typescript: 5.0.4
      vite: 4.3.1
      vue-tsc: 1.4.2_typescript@5.0.4

  packages/editor:
    specifiers:
      '@blocksuite/store': ^0.5.0-alpha.4
      '@types/is-hotkey': ^0.1.7
      '@vueuse/core': ^10.1.0
      is-hotkey: ^0.2.0
      vue: ^3.2.45
      zod: ^3.21.4
    dependencies:
      '@blocksuite/store': 0.5.0-alpha.4
      '@vueuse/core': 10.1.0_vue@3.2.47
      is-hotkey: 0.2.0
      vue: 3.2.47
      zod: 3.21.4
    devDependencies:
      '@types/is-hotkey': 0.1.7

  packages/utils:
    specifiers:
      vue: ^3.2.45
    dependencies:
      vue: 3.2.47

packages:

  /@babel/helper-string-parser/7.19.4:
    resolution: {integrity: sha512-nHtDoQcuqFmwYNYPz3Rah5ph2p8PFeFCsZk9A/48dPc/rGocJ5J3hAAZ7pb76VWX3fZKu+uEr/FhH5jLx7umrw==}
    engines: {node: '>=6.9.0'}

  /@babel/helper-validator-identifier/7.19.1:
    resolution: {integrity: sha512-awrNfaMtnHUr653GgGEs++LlAvW6w+DcPrOliSMXWCKo597CwL5Acf/wWdNkf/tfEQE3mjkeD1YOVZOUV/od1w==}
    engines: {node: '>=6.9.0'}

  /@babel/parser/7.21.4:
    resolution: {integrity: sha512-alVJj7k7zIxqBZ7BTRhz0IqJFxW1VJbm6N8JbcYhQ186df9ZBPbZBmWSqAMXwHGsCJdYks7z/voa3ibiS5bCIw==}
    engines: {node: '>=6.0.0'}
    hasBin: true
    dependencies:
      '@babel/types': 7.21.4

  /@babel/types/7.21.4:
    resolution: {integrity: sha512-rU2oY501qDxE8Pyo7i/Orqma4ziCOrby0/9mvbDUGEfvZjb279Nk9k19e2fiCxHbRRpY2ZyrgW1eq22mvmOIzA==}
    engines: {node: '>=6.9.0'}
    dependencies:
      '@babel/helper-string-parser': 7.19.4
      '@babel/helper-validator-identifier': 7.19.1
      to-fast-properties: 2.0.0

  /@blocksuite/global/0.5.0-alpha.4:
    resolution: {integrity: sha512-i/om1J2xAdLNsXVVP+GWV7SAveaRFkkb+3e9gs/IQjaTtVs6b/CqrwF7KbLiSOR4oEDf15O1oW2z0XYzlqLLGw==}
    peerDependencies:
      lit: ^2.6
    peerDependenciesMeta:
      lit:
        optional: true
    dependencies:
      ansi-colors: 4.1.3
      zod: 3.21.4
    dev: false

  /@blocksuite/store/0.5.0-alpha.4:
    resolution: {integrity: sha512-91CQLLxb3ZSs7LTdy4fI4LjZRJ30X+kORCg5g3JenmkprU4JlOgQQvtwd4S+jlHvlddCtOiN7UHPuQ3jT4ysPg==}
    peerDependencies:
      yjs: ^13
    dependencies:
      '@blocksuite/global': 0.5.0-alpha.4
      '@blocksuite/virgo': 0.5.0-alpha.4
      '@types/flexsearch': 0.7.3
      buffer: 6.0.3
      flexsearch: 0.7.21
      idb-keyval: 6.2.0
      ky: 0.33.3
      lib0: 0.2.73
      merge: 2.1.1
      nanoid: 4.0.2
      y-protocols: 1.0.5
      y-webrtc: 10.2.5
      zod: 3.21.4
    transitivePeerDependencies:
      - bufferutil
      - lit
      - supports-color
      - utf-8-validate
    dev: false

  /@blocksuite/virgo/0.5.0-alpha.4:
    resolution: {integrity: sha512-jNBYN5BUXlwdagTufydOr51koPeoMFo47Pts5YC15RyvoNXRUVRzDVQsYgRP504ozYrG/1VsJjAUlsD7OgdXyA==}
    peerDependencies:
      lit: ^2
      yjs: ^13
    dependencies:
      '@blocksuite/global': 0.5.0-alpha.4
      zod: 3.21.4
    dev: false

  /@esbuild/android-arm/0.17.17:
    resolution: {integrity: sha512-E6VAZwN7diCa3labs0GYvhEPL2M94WLF8A+czO8hfjREXxba8Ng7nM5VxV+9ihNXIY1iQO1XxUU4P7hbqbICxg==}
    engines: {node: '>=12'}
    cpu: [arm]
    os: [android]
    requiresBuild: true
    dev: true
    optional: true

  /@esbuild/android-arm64/0.17.17:
    resolution: {integrity: sha512-jaJ5IlmaDLFPNttv0ofcwy/cfeY4bh/n705Tgh+eLObbGtQBK3EPAu+CzL95JVE4nFAliyrnEu0d32Q5foavqg==}
    engines: {node: '>=12'}
    cpu: [arm64]
    os: [android]
    requiresBuild: true
    dev: true
    optional: true

  /@esbuild/android-x64/0.17.17:
    resolution: {integrity: sha512-446zpfJ3nioMC7ASvJB1pszHVskkw4u/9Eu8s5yvvsSDTzYh4p4ZIRj0DznSl3FBF0Z/mZfrKXTtt0QCoFmoHA==}
    engines: {node: '>=12'}
    cpu: [x64]
    os: [android]
    requiresBuild: true
    dev: true
    optional: true

  /@esbuild/darwin-arm64/0.17.17:
    resolution: {integrity: sha512-m/gwyiBwH3jqfUabtq3GH31otL/0sE0l34XKpSIqR7NjQ/XHQ3lpmQHLHbG8AHTGCw8Ao059GvV08MS0bhFIJQ==}
    engines: {node: '>=12'}
    cpu: [arm64]
    os: [darwin]
    requiresBuild: true
    dev: true
    optional: true

  /@esbuild/darwin-x64/0.17.17:
    resolution: {integrity: sha512-4utIrsX9IykrqYaXR8ob9Ha2hAY2qLc6ohJ8c0CN1DR8yWeMrTgYFjgdeQ9LIoTOfLetXjuCu5TRPHT9yKYJVg==}
    engines: {node: '>=12'}
    cpu: [x64]
    os: [darwin]
    requiresBuild: true
    dev: true
    optional: true

  /@esbuild/freebsd-arm64/0.17.17:
    resolution: {integrity: sha512-4PxjQII/9ppOrpEwzQ1b0pXCsFLqy77i0GaHodrmzH9zq2/NEhHMAMJkJ635Ns4fyJPFOlHMz4AsklIyRqFZWA==}
    engines: {node: '>=12'}
    cpu: [arm64]
    os: [freebsd]
    requiresBuild: true
    dev: true
    optional: true

  /@esbuild/freebsd-x64/0.17.17:
    resolution: {integrity: sha512-lQRS+4sW5S3P1sv0z2Ym807qMDfkmdhUYX30GRBURtLTrJOPDpoU0kI6pVz1hz3U0+YQ0tXGS9YWveQjUewAJw==}
    engines: {node: '>=12'}
    cpu: [x64]
    os: [freebsd]
    requiresBuild: true
    dev: true
    optional: true

  /@esbuild/linux-arm/0.17.17:
    resolution: {integrity: sha512-biDs7bjGdOdcmIk6xU426VgdRUpGg39Yz6sT9Xp23aq+IEHDb/u5cbmu/pAANpDB4rZpY/2USPhCA+w9t3roQg==}
    engines: {node: '>=12'}
    cpu: [arm]
    os: [linux]
    requiresBuild: true
    dev: true
    optional: true

  /@esbuild/linux-arm64/0.17.17:
    resolution: {integrity: sha512-2+pwLx0whKY1/Vqt8lyzStyda1v0qjJ5INWIe+d8+1onqQxHLLi3yr5bAa4gvbzhZqBztifYEu8hh1La5+7sUw==}
    engines: {node: '>=12'}
    cpu: [arm64]
    os: [linux]
    requiresBuild: true
    dev: true
    optional: true

  /@esbuild/linux-ia32/0.17.17:
    resolution: {integrity: sha512-IBTTv8X60dYo6P2t23sSUYym8fGfMAiuv7PzJ+0LcdAndZRzvke+wTVxJeCq4WgjppkOpndL04gMZIFvwoU34Q==}
    engines: {node: '>=12'}
    cpu: [ia32]
    os: [linux]
    requiresBuild: true
    dev: true
    optional: true

  /@esbuild/linux-loong64/0.17.17:
    resolution: {integrity: sha512-WVMBtcDpATjaGfWfp6u9dANIqmU9r37SY8wgAivuKmgKHE+bWSuv0qXEFt/p3qXQYxJIGXQQv6hHcm7iWhWjiw==}
    engines: {node: '>=12'}
    cpu: [loong64]
    os: [linux]
    requiresBuild: true
    dev: true
    optional: true

  /@esbuild/linux-mips64el/0.17.17:
    resolution: {integrity: sha512-2kYCGh8589ZYnY031FgMLy0kmE4VoGdvfJkxLdxP4HJvWNXpyLhjOvxVsYjYZ6awqY4bgLR9tpdYyStgZZhi2A==}
    engines: {node: '>=12'}
    cpu: [mips64el]
    os: [linux]
    requiresBuild: true
    dev: true
    optional: true

  /@esbuild/linux-ppc64/0.17.17:
    resolution: {integrity: sha512-KIdG5jdAEeAKogfyMTcszRxy3OPbZhq0PPsW4iKKcdlbk3YE4miKznxV2YOSmiK/hfOZ+lqHri3v8eecT2ATwQ==}
    engines: {node: '>=12'}
    cpu: [ppc64]
    os: [linux]
    requiresBuild: true
    dev: true
    optional: true

  /@esbuild/linux-riscv64/0.17.17:
    resolution: {integrity: sha512-Cj6uWLBR5LWhcD/2Lkfg2NrkVsNb2sFM5aVEfumKB2vYetkA/9Uyc1jVoxLZ0a38sUhFk4JOVKH0aVdPbjZQeA==}
    engines: {node: '>=12'}
    cpu: [riscv64]
    os: [linux]
    requiresBuild: true
    dev: true
    optional: true

  /@esbuild/linux-s390x/0.17.17:
    resolution: {integrity: sha512-lK+SffWIr0XsFf7E0srBjhpkdFVJf3HEgXCwzkm69kNbRar8MhezFpkIwpk0qo2IOQL4JE4mJPJI8AbRPLbuOQ==}
    engines: {node: '>=12'}
    cpu: [s390x]
    os: [linux]
    requiresBuild: true
    dev: true
    optional: true

  /@esbuild/linux-x64/0.17.17:
    resolution: {integrity: sha512-XcSGTQcWFQS2jx3lZtQi7cQmDYLrpLRyz1Ns1DzZCtn898cWfm5Icx/DEWNcTU+T+tyPV89RQtDnI7qL2PObPg==}
    engines: {node: '>=12'}
    cpu: [x64]
    os: [linux]
    requiresBuild: true
    dev: true
    optional: true

  /@esbuild/netbsd-x64/0.17.17:
    resolution: {integrity: sha512-RNLCDmLP5kCWAJR+ItLM3cHxzXRTe4N00TQyQiimq+lyqVqZWGPAvcyfUBM0isE79eEZhIuGN09rAz8EL5KdLA==}
    engines: {node: '>=12'}
    cpu: [x64]
    os: [netbsd]
    requiresBuild: true
    dev: true
    optional: true

  /@esbuild/openbsd-x64/0.17.17:
    resolution: {integrity: sha512-PAXswI5+cQq3Pann7FNdcpSUrhrql3wKjj3gVkmuz6OHhqqYxKvi6GgRBoaHjaG22HV/ZZEgF9TlS+9ftHVigA==}
    engines: {node: '>=12'}
    cpu: [x64]
    os: [openbsd]
    requiresBuild: true
    dev: true
    optional: true

  /@esbuild/sunos-x64/0.17.17:
    resolution: {integrity: sha512-V63egsWKnx/4V0FMYkr9NXWrKTB5qFftKGKuZKFIrAkO/7EWLFnbBZNM1CvJ6Sis+XBdPws2YQSHF1Gqf1oj/Q==}
    engines: {node: '>=12'}
    cpu: [x64]
    os: [sunos]
    requiresBuild: true
    dev: true
    optional: true

  /@esbuild/win32-arm64/0.17.17:
    resolution: {integrity: sha512-YtUXLdVnd6YBSYlZODjWzH+KzbaubV0YVd6UxSfoFfa5PtNJNaW+1i+Hcmjpg2nEe0YXUCNF5bkKy1NnBv1y7Q==}
    engines: {node: '>=12'}
    cpu: [arm64]
    os: [win32]
    requiresBuild: true
    dev: true
    optional: true

  /@esbuild/win32-ia32/0.17.17:
    resolution: {integrity: sha512-yczSLRbDdReCO74Yfc5tKG0izzm+lPMYyO1fFTcn0QNwnKmc3K+HdxZWLGKg4pZVte7XVgcFku7TIZNbWEJdeQ==}
    engines: {node: '>=12'}
    cpu: [ia32]
    os: [win32]
    requiresBuild: true
    dev: true
    optional: true

  /@esbuild/win32-x64/0.17.17:
    resolution: {integrity: sha512-FNZw7H3aqhF9OyRQbDDnzUApDXfC1N6fgBhkqEO2jvYCJ+DxMTfZVqg3AX0R1khg1wHTBRD5SdcibSJ+XF6bFg==}
    engines: {node: '>=12'}
    cpu: [x64]
    os: [win32]
    requiresBuild: true
    dev: true
    optional: true

  /@types/flexsearch/0.7.3:
    resolution: {integrity: sha512-HXwADeHEP4exXkCIwy2n1+i0f1ilP1ETQOH5KDOugjkTFZPntWo0Gr8stZOaebkxsdx+k0X/K6obU/+it07ocg==}
    dev: false

  /@types/is-hotkey/0.1.7:
    resolution: {integrity: sha512-yB5C7zcOM7idwYZZ1wKQ3pTfjA9BbvFqRWvKB46GFddxnJtHwi/b9y84ykQtxQPg5qhdpg4Q/kWU3EGoCTmLzQ==}
    dev: true

  /@types/web-bluetooth/0.0.16:
    resolution: {integrity: sha512-oh8q2Zc32S6gd/j50GowEjKLoOVOwHP/bWVjKJInBwQqdOYMdPrf1oVlelTlyfFK3CKxL1uahMDAr+vy8T7yMQ==}
    dev: false

  /@vitejs/plugin-vue/4.1.0_vite@4.3.1+vue@3.2.47:
    resolution: {integrity: sha512-++9JOAFdcXI3lyer9UKUV4rfoQ3T1RN8yDqoCLar86s0xQct5yblxAE+yWgRnU5/0FOlVCpTZpYSBV/bGWrSrQ==}
    engines: {node: ^14.18.0 || >=16.0.0}
    peerDependencies:
      vite: ^4.0.0
      vue: ^3.2.25
    dependencies:
      vite: 4.3.1
      vue: 3.2.47
    dev: true

  /@volar/language-core/1.4.0:
    resolution: {integrity: sha512-zZg771L/v4MCPwM1KJxvnQ3q3QgbGJtEytivqf+PsxPr0kQ7XtwB1J30dd+YSGN869pXXZ0V6vWdHkDpWC8F3A==}
    dependencies:
      '@volar/source-map': 1.4.0
    dev: true

  /@volar/source-map/1.4.0:
    resolution: {integrity: sha512-gkV8ol9qtP7aMdgijc8a5Yoxxoo90TT55YCi9bsMbKxEUDsOAnlciFNlijR9Ebe42d67GV3w15/RzjveTRNGBw==}
    dependencies:
      muggle-string: 0.2.2
    dev: true

  /@volar/typescript/1.4.0_typescript@5.0.4:
    resolution: {integrity: sha512-r6OMHj/LeS86iQy3LEjjS+qpmHr9I7BiH8gAwp9WEJP76FHlMPi/EPDQxhf3VcMQ/w6Pi5aBczqI+I3akr9t4g==}
    peerDependencies:
      typescript: '*'
    dependencies:
      '@volar/language-core': 1.4.0
      typescript: 5.0.4
    dev: true

  /@volar/vue-language-core/1.4.2:
    resolution: {integrity: sha512-bDdFowfnyHI7udELEgUWukOh4l9jVTaxb9jZtj0GxUp0Mjj0u81d9+jE2UC3fFJpbndQLGFR6F+ffguHgmrj6Q==}
    dependencies:
      '@volar/language-core': 1.4.0
      '@volar/source-map': 1.4.0
      '@vue/compiler-dom': 3.2.47
      '@vue/compiler-sfc': 3.2.47
      '@vue/reactivity': 3.2.47
      '@vue/shared': 3.2.47
      minimatch: 9.0.0
      muggle-string: 0.2.2
      vue-template-compiler: 2.7.14
    dev: true

  /@volar/vue-typescript/1.4.2_typescript@5.0.4:
    resolution: {integrity: sha512-A1m1cSvS0Pf7Sm9q0S/1riV4RQQeH2h5gGo0vR9fGK2SrAStvh4HuuxPOX4N9uMDbRsNMhC0ILXwtlvjQ/IXJA==}
    dependencies:
      '@volar/typescript': 1.4.0_typescript@5.0.4
      '@volar/vue-language-core': 1.4.2
    transitivePeerDependencies:
      - typescript
    dev: true

  /@vue/compiler-core/3.2.47:
    resolution: {integrity: sha512-p4D7FDnQb7+YJmO2iPEv0SQNeNzcbHdGByJDsT4lynf63AFkOTFN07HsiRSvjGo0QrxR/o3d0hUyNCUnBU2Tig==}
    dependencies:
      '@babel/parser': 7.21.4
      '@vue/shared': 3.2.47
      estree-walker: 2.0.2
      source-map: 0.6.1

  /@vue/compiler-dom/3.2.47:
    resolution: {integrity: sha512-dBBnEHEPoftUiS03a4ggEig74J2YBZ2UIeyfpcRM2tavgMWo4bsEfgCGsu+uJIL/vax9S+JztH8NmQerUo7shQ==}
    dependencies:
      '@vue/compiler-core': 3.2.47
      '@vue/shared': 3.2.47

  /@vue/compiler-sfc/3.2.47:
    resolution: {integrity: sha512-rog05W+2IFfxjMcFw10tM9+f7i/+FFpZJJ5XHX72NP9eC2uRD+42M3pYcQqDXVYoj74kHMSEdQ/WmCjt8JFksQ==}
    dependencies:
      '@babel/parser': 7.21.4
      '@vue/compiler-core': 3.2.47
      '@vue/compiler-dom': 3.2.47
      '@vue/compiler-ssr': 3.2.47
      '@vue/reactivity-transform': 3.2.47
      '@vue/shared': 3.2.47
      estree-walker: 2.0.2
      magic-string: 0.25.9
      postcss: 8.4.23
      source-map: 0.6.1

  /@vue/compiler-ssr/3.2.47:
    resolution: {integrity: sha512-wVXC+gszhulcMD8wpxMsqSOpvDZ6xKXSVWkf50Guf/S+28hTAXPDYRTbLQ3EDkOP5Xz/+SY37YiwDquKbJOgZw==}
    dependencies:
      '@vue/compiler-dom': 3.2.47
      '@vue/shared': 3.2.47

  /@vue/reactivity-transform/3.2.47:
    resolution: {integrity: sha512-m8lGXw8rdnPVVIdIFhf0LeQ/ixyHkH5plYuS83yop5n7ggVJU+z5v0zecwEnX7fa7HNLBhh2qngJJkxpwEEmYA==}
    dependencies:
      '@babel/parser': 7.21.4
      '@vue/compiler-core': 3.2.47
      '@vue/shared': 3.2.47
      estree-walker: 2.0.2
      magic-string: 0.25.9

  /@vue/reactivity/3.2.47:
    resolution: {integrity: sha512-7khqQ/75oyyg+N/e+iwV6lpy1f5wq759NdlS1fpAhFXa8VeAIKGgk2E/C4VF59lx5b+Ezs5fpp/5WsRYXQiKxQ==}
    dependencies:
      '@vue/shared': 3.2.47

  /@vue/runtime-core/3.2.47:
    resolution: {integrity: sha512-RZxbLQIRB/K0ev0K9FXhNbBzT32H9iRtYbaXb0ZIz2usLms/D55dJR2t6cIEUn6vyhS3ALNvNthI+Q95C+NOpA==}
    dependencies:
      '@vue/reactivity': 3.2.47
      '@vue/shared': 3.2.47

  /@vue/runtime-dom/3.2.47:
    resolution: {integrity: sha512-ArXrFTjS6TsDei4qwNvgrdmHtD930KgSKGhS5M+j8QxXrDJYLqYw4RRcDy1bz1m1wMmb6j+zGLifdVHtkXA7gA==}
    dependencies:
      '@vue/runtime-core': 3.2.47
      '@vue/shared': 3.2.47
      csstype: 2.6.21

  /@vue/server-renderer/3.2.47_vue@3.2.47:
    resolution: {integrity: sha512-dN9gc1i8EvmP9RCzvneONXsKfBRgqFeFZLurmHOveL7oH6HiFXJw5OGu294n1nHc/HMgTy6LulU/tv5/A7f/LA==}
    peerDependencies:
      vue: 3.2.47
    dependencies:
      '@vue/compiler-ssr': 3.2.47
      '@vue/shared': 3.2.47
      vue: 3.2.47

  /@vue/shared/3.2.47:
    resolution: {integrity: sha512-BHGyyGN3Q97EZx0taMQ+OLNuZcW3d37ZEVmEAyeoA9ERdGvm9Irc/0Fua8SNyOtV1w6BS4q25wbMzJujO9HIfQ==}

  /@vueuse/core/10.1.0_vue@3.2.47:
    resolution: {integrity: sha512-3Znoa5m5RO+z4/C9w6DRaKTR3wCVJvD5rav8HTDGsr+7rOZRHtcgFJ8NcCs0ZvIpmev2kExTa311ns5j2RbzDQ==}
    dependencies:
      '@types/web-bluetooth': 0.0.16
      '@vueuse/metadata': 10.1.0
      '@vueuse/shared': 10.1.0_vue@3.2.47
      vue-demi: 0.14.0_vue@3.2.47
    transitivePeerDependencies:
      - '@vue/composition-api'
      - vue
    dev: false

  /@vueuse/metadata/10.1.0:
    resolution: {integrity: sha512-cM28HjDEw5FIrPE9rgSPFZvQ0ZYnOLAOr8hl1XM6tFl80U3WAR5ROdnAqiYybniwP5gt9MKKAJAqd/ab2aHkqg==}
    dev: false

  /@vueuse/shared/10.1.0_vue@3.2.47:
    resolution: {integrity: sha512-2X52ogu12i9DkKOQ01yeb/BKg9UO87RNnpm5sXkQvyORlbq8ONS5l39MYkjkeVWWjdT0teJru7a2S41dmHmqjQ==}
    dependencies:
      vue-demi: 0.14.0_vue@3.2.47
    transitivePeerDependencies:
      - '@vue/composition-api'
      - vue
    dev: false

  /ansi-colors/4.1.3:
    resolution: {integrity: sha512-/6w/C21Pm1A7aZitlI5Ni/2J6FFQN8i1Cvz3kHABAAbw93v/NlvKdVOqz7CCWz/3iv/JplRSEEZ83XION15ovw==}
    engines: {node: '>=6'}
    dev: false

  /balanced-match/1.0.2:
    resolution: {integrity: sha512-3oSeUO0TMV67hN1AmbXsK4yaqU7tjiHlbxRDZOpH0KW9+CeX4bRAaX0Anxt0tx2MrpRpWwQaPwIlISEJhYU5Pw==}
    dev: true

  /base64-js/1.5.1:
    resolution: {integrity: sha512-AKpaYlHn8t4SVbOHCy+b5+KKgvR4vrsD8vbvrbiQJps7fKDTkjkDry6ji0rUJjC0kzbNePLwzxq8iypo41qeWA==}
    dev: false

  /brace-expansion/2.0.1:
    resolution: {integrity: sha512-XnAIvQ8eM+kC6aULx6wuQiwVsnzsi9d3WxzV3FpWTGA19F621kwdbsAcFKXgKUHZWsy+mY6iL1sHTxWEFCytDA==}
    dependencies:
      balanced-match: 1.0.2
    dev: true

  /buffer/6.0.3:
    resolution: {integrity: sha512-FTiCpNxtwiZZHEZbcbTIcZjERVICn9yq/pDFkTl95/AxzD1naBctN7YO68riM/gLSDY7sdrMby8hofADYuuqOA==}
    dependencies:
      base64-js: 1.5.1
      ieee754: 1.2.1
    dev: false

  /csstype/2.6.21:
    resolution: {integrity: sha512-Z1PhmomIfypOpoMjRQB70jfvy/wxT50qW08YXO5lMIJkrdq4yOTR+AW7FqutScmB9NkLwxo+jU+kZLbofZZq/w==}

  /de-indent/1.0.2:
    resolution: {integrity: sha512-e/1zu3xH5MQryN2zdVaF0OrdNLUbvWxzMbi+iNA6Bky7l1RoP8a2fIbRocyHclXt/arDrrR6lL3TqFD9pMQTsg==}
    dev: true

  /debug/4.3.4:
    resolution: {integrity: sha512-PRWFHuSU3eDtQJPvnNY7Jcket1j0t5OuOsFzPPzsekD52Zl8qUfFIPEiswXqIvHWGVHOgX+7G/vCNNhehwxfkQ==}
    engines: {node: '>=6.0'}
    peerDependencies:
      supports-color: '*'
    peerDependenciesMeta:
      supports-color:
        optional: true
    dependencies:
      ms: 2.1.2
    dev: false

  /err-code/3.0.1:
    resolution: {integrity: sha512-GiaH0KJUewYok+eeY05IIgjtAe4Yltygk9Wqp1V5yVWLdhf0hYZchRjNIT9bb0mSwRcIusT3cx7PJUf3zEIfUA==}
    dev: false

  /esbuild/0.17.17:
    resolution: {integrity: sha512-/jUywtAymR8jR4qsa2RujlAF7Krpt5VWi72Q2yuLD4e/hvtNcFQ0I1j8m/bxq238pf3/0KO5yuXNpuLx8BE1KA==}
    engines: {node: '>=12'}
    hasBin: true
    requiresBuild: true
    optionalDependencies:
      '@esbuild/android-arm': 0.17.17
      '@esbuild/android-arm64': 0.17.17
      '@esbuild/android-x64': 0.17.17
      '@esbuild/darwin-arm64': 0.17.17
      '@esbuild/darwin-x64': 0.17.17
      '@esbuild/freebsd-arm64': 0.17.17
      '@esbuild/freebsd-x64': 0.17.17
      '@esbuild/linux-arm': 0.17.17
      '@esbuild/linux-arm64': 0.17.17
      '@esbuild/linux-ia32': 0.17.17
      '@esbuild/linux-loong64': 0.17.17
      '@esbuild/linux-mips64el': 0.17.17
      '@esbuild/linux-ppc64': 0.17.17
      '@esbuild/linux-riscv64': 0.17.17
      '@esbuild/linux-s390x': 0.17.17
      '@esbuild/linux-x64': 0.17.17
      '@esbuild/netbsd-x64': 0.17.17
      '@esbuild/openbsd-x64': 0.17.17
      '@esbuild/sunos-x64': 0.17.17
      '@esbuild/win32-arm64': 0.17.17
      '@esbuild/win32-ia32': 0.17.17
      '@esbuild/win32-x64': 0.17.17
    dev: true

  /estree-walker/2.0.2:
    resolution: {integrity: sha512-Rfkk/Mp/DL7JVje3u18FxFujQlTNR2q6QfMSMB7AvCBx91NGj/ba3kCfza0f6dVDbw7YlRf/nDrn7pQrCCyQ/w==}

  /flexsearch/0.7.21:
    resolution: {integrity: sha512-W7cHV7Hrwjid6lWmy0IhsWDFQboWSng25U3VVywpHOTJnnAZNPScog67G+cVpeX9f7yDD21ih0WDrMMT+JoaYg==}
    dev: false

  /fsevents/2.3.2:
    resolution: {integrity: sha512-xiqMQR4xAeHTuB9uWm+fFRcIOgKBMiOBP+eXiyT7jsgVCq1bkVygt00oASowB7EdtpOHaaPgKt812P9ab+DDKA==}
    engines: {node: ^8.16.0 || ^10.6.0 || >=11.0.0}
    os: [darwin]
    requiresBuild: true
    dev: true
    optional: true

  /get-browser-rtc/1.1.0:
    resolution: {integrity: sha512-MghbMJ61EJrRsDe7w1Bvqt3ZsBuqhce5nrn/XAwgwOXhcsz53/ltdxOse1h/8eKXj5slzxdsz56g5rzOFSGwfQ==}
    dev: false

  /he/1.2.0:
    resolution: {integrity: sha512-F/1DnUGPopORZi0ni+CvrCgHQ5FyEAHRLSApuYWMmrbSwoN2Mn/7k+Gl38gJnR7yyDZk6WLXwiGod1JOWNDKGw==}
    hasBin: true
    dev: true

  /idb-keyval/6.2.0:
    resolution: {integrity: sha512-uw+MIyQn2jl3+hroD7hF8J7PUviBU7BPKWw4f/ISf32D4LoGu98yHjrzWWJDASu9QNrX10tCJqk9YY0ClWm8Ng==}
    dependencies:
      safari-14-idb-fix: 3.0.0
    dev: false

  /ieee754/1.2.1:
    resolution: {integrity: sha512-dcyqhDvX1C46lXZcVqCpK+FtMRQVdIMN6/Df5js2zouUsqG7I6sFxitIC+7KYK29KdXOLHdu9zL4sFnoVQnqaA==}
    dev: false

  /inherits/2.0.4:
    resolution: {integrity: sha512-k/vGaX4/Yla3WzyMCvTQOXYeIHvqOKtnqBduzTHpzpQZzAskKMhZ2K+EnBiSM9zGSoIFeMpXKxa4dYeZIQqewQ==}
    dev: false

  /is-hotkey/0.2.0:
    resolution: {integrity: sha512-UknnZK4RakDmTgz4PI1wIph5yxSs/mvChWs9ifnlXsKuXgWmOkY/hAE0H/k2MIqH0RlRye0i1oC07MCRSD28Mw==}
    dev: false

  /isomorphic.js/0.2.5:
    resolution: {integrity: sha512-PIeMbHqMt4DnUP3MA/Flc0HElYjMXArsw1qwJZcm9sqR8mq3l8NYizFMty0pWwE/tzIGH3EKK5+jes5mAr85yw==}
    dev: false

  /ky/0.33.3:
    resolution: {integrity: sha512-CasD9OCEQSFIam2U8efFK81Yeg8vNMTBUqtMOHlrcWQHqUX3HeCl9Dr31u4toV7emlH8Mymk5+9p0lL6mKb/Xw==}
    engines: {node: '>=14.16'}
    dev: false

  /lib0/0.2.73:
    resolution: {integrity: sha512-aJJIElCLWnHMcYZPtsM07QoSfHwpxCy4VUzBYGXFYEmh/h2QS5uZNbCCfL0CqnkOE30b7Tp9DVfjXag+3qzZjQ==}
    engines: {node: '>=14'}
    hasBin: true
    dependencies:
      isomorphic.js: 0.2.5
    dev: false

  /lru-cache/6.0.0:
    resolution: {integrity: sha512-Jo6dJ04CmSjuznwJSS3pUeWmd/H0ffTlkXXgwZi+eq1UCmqQwCh+eLsYOYCwY991i2Fah4h1BEMCx4qThGbsiA==}
    engines: {node: '>=10'}
    dependencies:
      yallist: 4.0.0
    dev: true

  /magic-string/0.25.9:
    resolution: {integrity: sha512-RmF0AsMzgt25qzqqLc1+MbHmhdx0ojF2Fvs4XnOqz2ZOBXzzkEwc/dJQZCYHAn7v1jbVOjAZfK8msRn4BxO4VQ==}
    dependencies:
      sourcemap-codec: 1.4.8

  /merge/2.1.1:
    resolution: {integrity: sha512-jz+Cfrg9GWOZbQAnDQ4hlVnQky+341Yk5ru8bZSe6sIDTCIg8n9i/u7hSQGSVOF3C7lH6mGtqjkiT9G4wFLL0w==}
    dev: false

  /minimatch/9.0.0:
    resolution: {integrity: sha512-0jJj8AvgKqWN05mrwuqi8QYKx1WmYSUoKSxu5Qhs9prezTz10sxAHGNZe9J9cqIJzta8DWsleh2KaVaLl6Ru2w==}
    engines: {node: '>=16 || 14 >=14.17'}
    dependencies:
      brace-expansion: 2.0.1
    dev: true

  /ms/2.1.2:
    resolution: {integrity: sha512-sGkPx+VjMtmA6MX27oA4FBFELFCZZ4S4XqeGOXCv68tT+jb3vk/RyaKWP0PTKyWtmLSM0b+adUTEvbs1PEaH2w==}
    dev: false

  /muggle-string/0.2.2:
    resolution: {integrity: sha512-YVE1mIJ4VpUMqZObFndk9CJu6DBJR/GB13p3tXuNbwD4XExaI5EOuRl6BHeIDxIqXZVxSfAC+y6U1Z/IxCfKUg==}
    dev: true

  /nanoid/3.3.6:
    resolution: {integrity: sha512-BGcqMMJuToF7i1rt+2PWSNVnWIkGCU78jBG3RxO/bZlnZPK2Cmi2QaffxGO/2RvWi9sL+FAiRiXMgsyxQ1DIDA==}
    engines: {node: ^10 || ^12 || ^13.7 || ^14 || >=15.0.1}
    hasBin: true

  /nanoid/4.0.2:
    resolution: {integrity: sha512-7ZtY5KTCNheRGfEFxnedV5zFiORN1+Y1N6zvPTnHQd8ENUvfaDBeuJDZb2bN/oXwXxu3qkTXDzy57W5vAmDTBw==}
    engines: {node: ^14 || ^16 || >=18}
    hasBin: true
    dev: false

  /picocolors/1.0.0:
    resolution: {integrity: sha512-1fygroTLlHu66zi26VoTDv8yRgm0Fccecssto+MhsZ0D/DGW2sm8E8AjW7NU5VVTRt5GxbeZ5qBuJr+HyLYkjQ==}

  /postcss/8.4.23:
    resolution: {integrity: sha512-bQ3qMcpF6A/YjR55xtoTr0jGOlnPOKAIMdOWiv0EIT6HVPEaJiJB4NLljSbiHoC2RX7DN5Uvjtpbg1NPdwv1oA==}
    engines: {node: ^10 || ^12 || >=14}
    dependencies:
      nanoid: 3.3.6
      picocolors: 1.0.0
      source-map-js: 1.0.2

  /queue-microtask/1.2.3:
    resolution: {integrity: sha512-NuaNSa6flKT5JaSYQzJok04JzTL1CA6aGhv5rfLW3PgqA+M2ChpZQnAC8h8i4ZFkBS8X5RqkDBHA7r4hej3K9A==}
    dev: false

  /randombytes/2.1.0:
    resolution: {integrity: sha512-vYl3iOX+4CKUWuxGi9Ukhie6fsqXqS9FE2Zaic4tNFD2N2QQaXOMFbuKK4QmDHC0JO6B1Zp41J0LpT0oR68amQ==}
    dependencies:
      safe-buffer: 5.2.1
    dev: false

  /readable-stream/3.6.2:
    resolution: {integrity: sha512-9u/sniCrY3D5WdsERHzHE4G2YCXqoG5FTHUiCC4SIbr6XcLZBY05ya9EKjYek9O5xOAwjGq+1JdGBAS7Q9ScoA==}
    engines: {node: '>= 6'}
    dependencies:
      inherits: 2.0.4
      string_decoder: 1.3.0
      util-deprecate: 1.0.2
    dev: false

  /rollup/3.20.7:
    resolution: {integrity: sha512-P7E2zezKSLhWnTz46XxjSmInrbOCiul1yf+kJccMxT56vxjHwCbDfoLbiqFgu+WQoo9ij2PkraYaBstgB2prBA==}
    engines: {node: '>=14.18.0', npm: '>=8.0.0'}
    hasBin: true
    optionalDependencies:
      fsevents: 2.3.2
    dev: true

  /safari-14-idb-fix/3.0.0:
    resolution: {integrity: sha512-eBNFLob4PMq8JA1dGyFn6G97q3/WzNtFK4RnzT1fnLq+9RyrGknzYiM/9B12MnKAxuj1IXr7UKYtTNtjyKMBog==}
    dev: false

  /safe-buffer/5.2.1:
    resolution: {integrity: sha512-rp3So07KcdmmKbGvgaNxQSJr7bGVSVk5S9Eq1F+ppbRo70+YeaDxkw5Dd8NPN+GD6bjnYm2VuPuCXmpuYvmCXQ==}
    dev: false

  /semver/7.5.0:
    resolution: {integrity: sha512-+XC0AD/R7Q2mPSRuy2Id0+CGTZ98+8f+KvwirxOKIEyid+XSx6HbC63p+O4IndTHuX5Z+JxQ0TghCkO5Cg/2HA==}
    engines: {node: '>=10'}
    hasBin: true
    dependencies:
      lru-cache: 6.0.0
    dev: true

  /simple-peer/9.11.1:
    resolution: {integrity: sha512-D1SaWpOW8afq1CZGWB8xTfrT3FekjQmPValrqncJMX7QFl8YwhrPTZvMCANLtgBwwdS+7zURyqxDDEmY558tTw==}
    dependencies:
      buffer: 6.0.3
      debug: 4.3.4
      err-code: 3.0.1
      get-browser-rtc: 1.1.0
      queue-microtask: 1.2.3
      randombytes: 2.1.0
      readable-stream: 3.6.2
    transitivePeerDependencies:
      - supports-color
    dev: false

  /source-map-js/1.0.2:
    resolution: {integrity: sha512-R0XvVJ9WusLiqTCEiGCmICCMplcCkIwwR11mOSD9CR5u+IXYdiseeEuXCVAjS54zqwkLcPNnmU4OeJ6tUrWhDw==}
    engines: {node: '>=0.10.0'}

  /source-map/0.6.1:
    resolution: {integrity: sha512-UjgapumWlbMhkBgzT7Ykc5YXUT46F0iKu8SGXq0bcwP5dz/h0Plj6enJqjz1Zbq2l5WaqYnrVbwWOWMyF3F47g==}
    engines: {node: '>=0.10.0'}

  /sourcemap-codec/1.4.8:
    resolution: {integrity: sha512-9NykojV5Uih4lgo5So5dtw+f0JgJX30KCNI8gwhz2J9A15wD0Ml6tjHKwf6fTSa6fAdVBdZeNOs9eJ71qCk8vA==}
    deprecated: Please use @jridgewell/sourcemap-codec instead

  /string_decoder/1.3.0:
    resolution: {integrity: sha512-hkRX8U1WjJFd8LsDJ2yQ/wWWxaopEsABU1XfkM8A+j0+85JAGppt16cr1Whg6KIbb4okU6Mql6BOj+uup/wKeA==}
    dependencies:
      safe-buffer: 5.2.1
    dev: false

  /to-fast-properties/2.0.0:
    resolution: {integrity: sha512-/OaKK0xYrs3DmxRYqL/yDc+FxFUVYhDlXMhRmv3z915w2HF1tnN1omB354j8VUGO/hbRzyD6Y3sA7v7GS/ceog==}
    engines: {node: '>=4'}

  /typescript/5.0.4:
    resolution: {integrity: sha512-cW9T5W9xY37cc+jfEnaUvX91foxtHkza3Nw3wkoF4sSlKn0MONdkdEndig/qPBWXNkmplh3NzayQzCiHM4/hqw==}
    engines: {node: '>=12.20'}
    hasBin: true

  /util-deprecate/1.0.2:
    resolution: {integrity: sha512-EPD5q1uXyFxJpCrLnCc1nHnq3gOa6DZBocAIiI2TaSCA7VCJ1UJDMagCzIkXNsUYfD1daK//LTEQ8xiIbrHtcw==}
    dev: false

  /vite/4.3.1:
    resolution: {integrity: sha512-EPmfPLAI79Z/RofuMvkIS0Yr091T2ReUoXQqc5ppBX/sjFRhHKiPPF/R46cTdoci/XgeQpB23diiJxq5w30vdg==}
    engines: {node: ^14.18.0 || >=16.0.0}
    hasBin: true
    peerDependencies:
      '@types/node': '>= 14'
      less: '*'
      sass: '*'
      stylus: '*'
      sugarss: '*'
      terser: ^5.4.0
    peerDependenciesMeta:
      '@types/node':
        optional: true
      less:
        optional: true
      sass:
        optional: true
      stylus:
        optional: true
      sugarss:
        optional: true
      terser:
        optional: true
    dependencies:
      esbuild: 0.17.17
      postcss: 8.4.23
      rollup: 3.20.7
    optionalDependencies:
      fsevents: 2.3.2
    dev: true

  /vue-demi/0.14.0_vue@3.2.47:
    resolution: {integrity: sha512-gt58r2ogsNQeVoQ3EhoUAvUsH9xviydl0dWJj7dabBC/2L4uBId7ujtCwDRD0JhkGsV1i0CtfLAeyYKBht9oWg==}
    engines: {node: '>=12'}
    hasBin: true
    requiresBuild: true
    peerDependencies:
      '@vue/composition-api': ^1.0.0-rc.1
      vue: ^3.0.0-0 || ^2.6.0
    peerDependenciesMeta:
      '@vue/composition-api':
        optional: true
    dependencies:
      vue: 3.2.47
    dev: false

  /vue-template-compiler/2.7.14:
    resolution: {integrity: sha512-zyA5Y3ArvVG0NacJDkkzJuPQDF8RFeRlzV2vLeSnhSpieO6LK2OVbdLPi5MPPs09Ii+gMO8nY4S3iKQxBxDmWQ==}
    dependencies:
      de-indent: 1.0.2
      he: 1.2.0
    dev: true

  /vue-tsc/1.4.2_typescript@5.0.4:
    resolution: {integrity: sha512-8VFjVekJuFtFG+N4rEimoR0OvNubhoTIMl2dlvbpyAD40LVPR1PN2SUc2qZPnWGGRsXZAVmFgiBHX0RB20HGyA==}
    hasBin: true
    peerDependencies:
      typescript: '*'
    dependencies:
      '@volar/vue-language-core': 1.4.2
      '@volar/vue-typescript': 1.4.2_typescript@5.0.4
      semver: 7.5.0
      typescript: 5.0.4
    dev: true

  /vue/3.2.47:
    resolution: {integrity: sha512-60188y/9Dc9WVrAZeUVSDxRQOZ+z+y5nO2ts9jWXSTkMvayiWxCWOWtBQoYjLeccfXkiiPZWAHcV+WTPhkqJHQ==}
    dependencies:
      '@vue/compiler-dom': 3.2.47
      '@vue/compiler-sfc': 3.2.47
      '@vue/runtime-dom': 3.2.47
      '@vue/server-renderer': 3.2.47_vue@3.2.47
      '@vue/shared': 3.2.47

  /ws/7.5.9:
    resolution: {integrity: sha512-F+P9Jil7UiSKSkppIiD94dN07AwvFixvLIj1Og1Rl9GGMuNipJnV9JzjD6XuqmAeiswGvUmNLjr5cFuXwNS77Q==}
    engines: {node: '>=8.3.0'}
    requiresBuild: true
    peerDependencies:
      bufferutil: ^4.0.1
      utf-8-validate: ^5.0.2
    peerDependenciesMeta:
      bufferutil:
        optional: true
      utf-8-validate:
        optional: true
    dev: false
    optional: true

  /y-protocols/1.0.5:
    resolution: {integrity: sha512-Wil92b7cGk712lRHDqS4T90IczF6RkcvCwAD0A2OPg+adKmOe+nOiT/N2hvpQIWS3zfjmtL4CPaH5sIW1Hkm/A==}
    dependencies:
      lib0: 0.2.73
    dev: false

  /y-webrtc/10.2.5:
    resolution: {integrity: sha512-ZyBNvTI5L28sQ2PQI0T/JvyWgvuTq05L21vGkIlcvNLNSJqAaLCBJRe3FHEqXoaogqWmRcEAKGfII4ErNXMnNw==}
    engines: {node: '>=12'}
    hasBin: true
    dependencies:
      lib0: 0.2.73
      simple-peer: 9.11.1
      y-protocols: 1.0.5
    optionalDependencies:
      ws: 7.5.9
    transitivePeerDependencies:
      - bufferutil
      - supports-color
      - utf-8-validate
    dev: false

  /yallist/4.0.0:
    resolution: {integrity: sha512-3wdGidZyq5PB084XLES5TpOSRA3wjXAlIWMhum2kRcv/41Sn2emQ0dycQW4uZXLejwKvg6EsvbdlVL+FYEct7A==}
    dev: true

  /yjs/13.5.53:
    resolution: {integrity: sha512-B4UUycEK8BcYf195HL4LN4Az4Sg2+QzTHnabFHjQwLvGn96v/G+4CS52xNZk/0QWNXhLRCb+2GK3JmcX5fiCEQ==}
    engines: {node: '>=16.0.0', npm: '>=8.0.0'}
    dependencies:
      lib0: 0.2.73
    dev: false

  /zod/3.21.4:
    resolution: {integrity: sha512-m46AKbrzKVzOzs/DZgVnG5H55N1sv1M8qZU3A8RIKbs3mrACDNeIOeilDymVb2HdmP8uwshOCF4uJ8uM9rCqJw==}
    dev: false
